// !$*UTF8*$!
{
	archiveVersion = 1;
	classes = {
	};
	objectVersion = 50;
	objects = {

/* Begin PBXBuildFile section */
		09185787CC48BDA22239F900 /* Pods_Blimpy.framework in Frameworks */ = {isa = PBXBuildFile; fileRef = 4FC69BCE7E5DB69AF01BFC0A /* Pods_Blimpy.framework */; };
		521DCD0222E0C6EF00F87170 /* AppDelegate.swift in Sources */ = {isa = PBXBuildFile; fileRef = 521DCD0122E0C6EF00F87170 /* AppDelegate.swift */; };
		521DCD0422E0C6EF00F87170 /* ViewController.swift in Sources */ = {isa = PBXBuildFile; fileRef = 521DCD0322E0C6EF00F87170 /* ViewController.swift */; };
		521DCD0722E0C6EF00F87170 /* Main.storyboard in Resources */ = {isa = PBXBuildFile; fileRef = 521DCD0522E0C6EF00F87170 /* Main.storyboard */; };
		521DCD0922E0C6F100F87170 /* Assets.xcassets in Resources */ = {isa = PBXBuildFile; fileRef = 521DCD0822E0C6F100F87170 /* Assets.xcassets */; };
		521DCD0C22E0C6F100F87170 /* LaunchScreen.storyboard in Resources */ = {isa = PBXBuildFile; fileRef = 521DCD0A22E0C6F100F87170 /* LaunchScreen.storyboard */; };
		521DCD1622E0DFA300F87170 /* Model.swift in Sources */ = {isa = PBXBuildFile; fileRef = 521DCD1522E0DFA300F87170 /* Model.swift */; };
/* End PBXBuildFile section */

/* Begin PBXFileReference section */
		2F91B49FA581E1A5988A9F55 /* Pods-Blimpy.release.xcconfig */ = {isa = PBXFileReference; includeInIndex = 1; lastKnownFileType = text.xcconfig; name = "Pods-Blimpy.release.xcconfig"; path = "Pods/Target Support Files/Pods-Blimpy/Pods-Blimpy.release.xcconfig"; sourceTree = "<group>"; };
		4FC69BCE7E5DB69AF01BFC0A /* Pods_Blimpy.framework */ = {isa = PBXFileReference; explicitFileType = wrapper.framework; includeInIndex = 0; path = Pods_Blimpy.framework; sourceTree = BUILT_PRODUCTS_DIR; };
		521DCCFE22E0C6EF00F87170 /* Blimpy.app */ = {isa = PBXFileReference; explicitFileType = wrapper.application; includeInIndex = 0; path = Blimpy.app; sourceTree = BUILT_PRODUCTS_DIR; };
		521DCD0122E0C6EF00F87170 /* AppDelegate.swift */ = {isa = PBXFileReference; lastKnownFileType = sourcecode.swift; path = AppDelegate.swift; sourceTree = "<group>"; };
		521DCD0322E0C6EF00F87170 /* ViewController.swift */ = {isa = PBXFileReference; lastKnownFileType = sourcecode.swift; path = ViewController.swift; sourceTree = "<group>"; };
		521DCD0622E0C6EF00F87170 /* Base */ = {isa = PBXFileReference; lastKnownFileType = file.storyboard; name = Base; path = Base.lproj/Main.storyboard; sourceTree = "<group>"; };
		521DCD0822E0C6F100F87170 /* Assets.xcassets */ = {isa = PBXFileReference; lastKnownFileType = folder.assetcatalog; path = Assets.xcassets; sourceTree = "<group>"; };
		521DCD0B22E0C6F100F87170 /* Base */ = {isa = PBXFileReference; lastKnownFileType = file.storyboard; name = Base; path = Base.lproj/LaunchScreen.storyboard; sourceTree = "<group>"; };
		521DCD0D22E0C6F100F87170 /* Info.plist */ = {isa = PBXFileReference; lastKnownFileType = text.plist.xml; path = Info.plist; sourceTree = "<group>"; };
		521DCD1522E0DFA300F87170 /* Model.swift */ = {isa = PBXFileReference; lastKnownFileType = sourcecode.swift; path = Model.swift; sourceTree = "<group>"; };
		7E55653D4D8E7F7C85C57F73 /* Pods-Blimpy.debug.xcconfig */ = {isa = PBXFileReference; includeInIndex = 1; lastKnownFileType = text.xcconfig; name = "Pods-Blimpy.debug.xcconfig"; path = "Pods/Target Support Files/Pods-Blimpy/Pods-Blimpy.debug.xcconfig"; sourceTree = "<group>"; };
/* End PBXFileReference section */

/* Begin PBXFrameworksBuildPhase section */
		521DCCFB22E0C6EF00F87170 /* Frameworks */ = {
			isa = PBXFrameworksBuildPhase;
			buildActionMask = 2147483647;
			files = (
				09185787CC48BDA22239F900 /* Pods_Blimpy.framework in Frameworks */,
			);
			runOnlyForDeploymentPostprocessing = 0;
		};
/* End PBXFrameworksBuildPhase section */

/* Begin PBXGroup section */
		04D8D09F58C7B45855E1F239 /* Frameworks */ = {
			isa = PBXGroup;
			children = (
				4FC69BCE7E5DB69AF01BFC0A /* Pods_Blimpy.framework */,
			);
			name = Frameworks;
			sourceTree = "<group>";
		};
		521DCCF522E0C6EF00F87170 = {
			isa = PBXGroup;
			children = (
				521DCD0022E0C6EF00F87170 /* Blimpy */,
				521DCCFF22E0C6EF00F87170 /* Products */,
				7FF5DB6460601066C64A920E /* Pods */,
				04D8D09F58C7B45855E1F239 /* Frameworks */,
			);
			sourceTree = "<group>";
		};
		521DCCFF22E0C6EF00F87170 /* Products */ = {
			isa = PBXGroup;
			children = (
				521DCCFE22E0C6EF00F87170 /* Blimpy.app */,
			);
			name = Products;
			sourceTree = "<group>";
		};
		521DCD0022E0C6EF00F87170 /* Blimpy */ = {
			isa = PBXGroup;
			children = (
				521DCD0122E0C6EF00F87170 /* AppDelegate.swift */,
				521DCD0322E0C6EF00F87170 /* ViewController.swift */,
				521DCD1522E0DFA300F87170 /* Model.swift */,
				521DCD0522E0C6EF00F87170 /* Main.storyboard */,
				521DCD0822E0C6F100F87170 /* Assets.xcassets */,
				521DCD0A22E0C6F100F87170 /* LaunchScreen.storyboard */,
				521DCD0D22E0C6F100F87170 /* Info.plist */,
			);
			path = Blimpy;
			sourceTree = "<group>";
		};
		7FF5DB6460601066C64A920E /* Pods */ = {
			isa = PBXGroup;
			children = (
				7E55653D4D8E7F7C85C57F73 /* Pods-Blimpy.debug.xcconfig */,
				2F91B49FA581E1A5988A9F55 /* Pods-Blimpy.release.xcconfig */,
			);
			name = Pods;
			sourceTree = "<group>";
		};
/* End PBXGroup section */

/* Begin PBXNativeTarget section */
		521DCCFD22E0C6EF00F87170 /* Blimpy */ = {
			isa = PBXNativeTarget;
			buildConfigurationList = 521DCD1022E0C6F100F87170 /* Build configuration list for PBXNativeTarget "Blimpy" */;
			buildPhases = (
				1AADCC07E4CE05E8E56C3799 /* [CP] Check Pods Manifest.lock */,
				521DCCFA22E0C6EF00F87170 /* Sources */,
				521DCCFB22E0C6EF00F87170 /* Frameworks */,
				521DCCFC22E0C6EF00F87170 /* Resources */,
				BBAD8FE4028BFD26CF47F2EB /* [CP] Embed Pods Frameworks */,
			);
			buildRules = (
			);
			dependencies = (
			);
			name = Blimpy;
			productName = Blimpy;
			productReference = 521DCCFE22E0C6EF00F87170 /* Blimpy.app */;
			productType = "com.apple.product-type.application";
		};
/* End PBXNativeTarget section */

/* Begin PBXProject section */
		521DCCF622E0C6EF00F87170 /* Project object */ = {
			isa = PBXProject;
			attributes = {
				LastSwiftUpdateCheck = 1020;
				LastUpgradeCheck = 1020;
				ORGANIZATIONNAME = "Joël Gähwiler";
				TargetAttributes = {
					521DCCFD22E0C6EF00F87170 = {
						CreatedOnToolsVersion = 10.2.1;
					};
				};
			};
			buildConfigurationList = 521DCCF922E0C6EF00F87170 /* Build configuration list for PBXProject "Blimpy" */;
			compatibilityVersion = "Xcode 9.3";
			developmentRegion = en;
			hasScannedForEncodings = 0;
			knownRegions = (
				en,
				Base,
			);
			mainGroup = 521DCCF522E0C6EF00F87170;
			productRefGroup = 521DCCFF22E0C6EF00F87170 /* Products */;
			projectDirPath = "";
			projectRoot = "";
			targets = (
				521DCCFD22E0C6EF00F87170 /* Blimpy */,
			);
		};
/* End PBXProject section */

/* Begin PBXResourcesBuildPhase section */
		521DCCFC22E0C6EF00F87170 /* Resources */ = {
			isa = PBXResourcesBuildPhase;
			buildActionMask = 2147483647;
			files = (
				521DCD0C22E0C6F100F87170 /* LaunchScreen.storyboard in Resources */,
				521DCD0922E0C6F100F87170 /* Assets.xcassets in Resources */,
				521DCD0722E0C6EF00F87170 /* Main.storyboard in Resources */,
			);
			runOnlyForDeploymentPostprocessing = 0;
		};
/* End PBXResourcesBuildPhase section */

/* Begin PBXShellScriptBuildPhase section */
		1AADCC07E4CE05E8E56C3799 /* [CP] Check Pods Manifest.lock */ = {
			isa = PBXShellScriptBuildPhase;
			buildActionMask = 2147483647;
			files = (
			);
			inputPaths = (
				"${PODS_PODFILE_DIR_PATH}/Podfile.lock",
				"${PODS_ROOT}/Manifest.lock",
			);
			name = "[CP] Check Pods Manifest.lock";
			outputPaths = (
				"$(DERIVED_FILE_DIR)/Pods-Blimpy-checkManifestLockResult.txt",
			);
			runOnlyForDeploymentPostprocessing = 0;
			shellPath = /bin/sh;
			shellScript = "diff \"${PODS_PODFILE_DIR_PATH}/Podfile.lock\" \"${PODS_ROOT}/Manifest.lock\" > /dev/null\nif [ $? != 0 ] ; then\n    # print error to STDERR\n    echo \"error: The sandbox is not in sync with the Podfile.lock. Run 'pod install' or update your CocoaPods installation.\" >&2\n    exit 1\nfi\n# This output is used by Xcode 'outputs' to avoid re-running this script phase.\necho \"SUCCESS\" > \"${SCRIPT_OUTPUT_FILE_0}\"\n";
			showEnvVarsInLog = 0;
		};
		BBAD8FE4028BFD26CF47F2EB /* [CP] Embed Pods Frameworks */ = {
			isa = PBXShellScriptBuildPhase;
			buildActionMask = 2147483647;
			files = (
			);
			inputPaths = (
				"${SRCROOT}/Pods/Target Support Files/Pods-Blimpy/Pods-Blimpy-frameworks.sh",
				"${BUILT_PRODUCTS_DIR}/CDJoystick/CDJoystick.framework",
				"${BUILT_PRODUCTS_DIR}/CocoaAsyncSocket/CocoaAsyncSocket.framework",
				"${BUILT_PRODUCTS_DIR}/CocoaMQTT/CocoaMQTT.framework",
			);
			name = "[CP] Embed Pods Frameworks";
			outputPaths = (
				"${TARGET_BUILD_DIR}/${FRAMEWORKS_FOLDER_PATH}/CDJoystick.framework",
				"${TARGET_BUILD_DIR}/${FRAMEWORKS_FOLDER_PATH}/CocoaAsyncSocket.framework",
				"${TARGET_BUILD_DIR}/${FRAMEWORKS_FOLDER_PATH}/CocoaMQTT.framework",
			);
			runOnlyForDeploymentPostprocessing = 0;
			shellPath = /bin/sh;
			shellScript = "\"${SRCROOT}/Pods/Target Support Files/Pods-Blimpy/Pods-Blimpy-frameworks.sh\"\n";
			showEnvVarsInLog = 0;
		};
/* End PBXShellScriptBuildPhase section */

/* Begin PBXSourcesBuildPhase section */
		521DCCFA22E0C6EF00F87170 /* Sources */ = {
			isa = PBXSourcesBuildPhase;
			buildActionMask = 2147483647;
			files = (
				521DCD0422E0C6EF00F87170 /* ViewController.swift in Sources */,
				521DCD1622E0DFA300F87170 /* Model.swift in Sources */,
				521DCD0222E0C6EF00F87170 /* AppDelegate.swift in Sources */,
			);
			runOnlyForDeploymentPostprocessing = 0;
		};
/* End PBXSourcesBuildPhase section */

/* Begin PBXVariantGroup section */
		521DCD0522E0C6EF00F87170 /* Main.storyboard */ = {
			isa = PBXVariantGroup;
			children = (
				521DCD0622E0C6EF00F87170 /* Base */,
			);
			name = Main.storyboard;
			sourceTree = "<group>";
		};
		521DCD0A22E0C6F100F87170 /* LaunchScreen.storyboard */ = {
			isa = PBXVariantGroup;
			children = (
				521DCD0B22E0C6F100F87170 /* Base */,
			);
			name = LaunchScreen.storyboard;
			sourceTree = "<group>";
		};
/* End PBXVariantGroup section */

/* Begin XCBuildConfiguration section */
		521DCD0E22E0C6F100F87170 /* Debug */ = {
			isa = XCBuildConfiguration;
			buildSettings = {
				ALWAYS_SEARCH_USER_PATHS = NO;
				CLANG_ANALYZER_NONNULL = YES;
				CLANG_ANALYZER_NUMBER_OBJECT_CONVERSION = YES_AGGRESSIVE;
				CLANG_CXX_LANGUAGE_STANDARD = "gnu++14";
				CLANG_CXX_LIBRARY = "libc++";
				CLANG_ENABLE_MODULES = YES;
				CLANG_ENABLE_OBJC_ARC = YES;
				CLANG_ENABLE_OBJC_WEAK = YES;
				CLANG_WARN_BLOCK_CAPTURE_AUTORELEASING = YES;
				CLANG_WARN_BOOL_CONVERSION = YES;
				CLANG_WARN_COMMA = YES;
				CLANG_WARN_CONSTANT_CONVERSION = YES;
				CLANG_WARN_DEPRECATED_OBJC_IMPLEMENTATIONS = YES;
				CLANG_WARN_DIRECT_OBJC_ISA_USAGE = YES_ERROR;
				CLANG_WARN_DOCUMENTATION_COMMENTS = YES;
				CLANG_WARN_EMPTY_BODY = YES;
				CLANG_WARN_ENUM_CONVERSION = YES;
				CLANG_WARN_INFINITE_RECURSION = YES;
				CLANG_WARN_INT_CONVERSION = YES;
				CLANG_WARN_NON_LITERAL_NULL_CONVERSION = YES;
				CLANG_WARN_OBJC_IMPLICIT_RETAIN_SELF = YES;
				CLANG_WARN_OBJC_LITERAL_CONVERSION = YES;
				CLANG_WARN_OBJC_ROOT_CLASS = YES_ERROR;
				CLANG_WARN_RANGE_LOOP_ANALYSIS = YES;
				CLANG_WARN_STRICT_PROTOTYPES = YES;
				CLANG_WARN_SUSPICIOUS_MOVE = YES;
				CLANG_WARN_UNGUARDED_AVAILABILITY = YES_AGGRESSIVE;
				CLANG_WARN_UNREACHABLE_CODE = YES;
				CLANG_WARN__DUPLICATE_METHOD_MATCH = YES;
				CODE_SIGN_IDENTITY = "iPhone Developer";
				COPY_PHASE_STRIP = NO;
				DEBUG_INFORMATION_FORMAT = dwarf;
				ENABLE_STRICT_OBJC_MSGSEND = YES;
				ENABLE_TESTABILITY = YES;
				GCC_C_LANGUAGE_STANDARD = gnu11;
				GCC_DYNAMIC_NO_PIC = NO;
				GCC_NO_COMMON_BLOCKS = YES;
				GCC_OPTIMIZATION_LEVEL = 0;
				GCC_PREPROCESSOR_DEFINITIONS = (
					"DEBUG=1",
					"$(inherited)",
				);
				GCC_WARN_64_TO_32_BIT_CONVERSION = YES;
				GCC_WARN_ABOUT_RETURN_TYPE = YES_ERROR;
				GCC_WARN_UNDECLARED_SELECTOR = YES;
				GCC_WARN_UNINITIALIZED_AUTOS = YES_AGGRESSIVE;
				GCC_WARN_UNUSED_FUNCTION = YES;
				GCC_WARN_UNUSED_VARIABLE = YES;
				IPHONEOS_DEPLOYMENT_TARGET = 12.0;
				MTL_ENABLE_DEBUG_INFO = INCLUDE_SOURCE;
				MTL_FAST_MATH = YES;
				ONLY_ACTIVE_ARCH = YES;
				SDKROOT = iphoneos;
				SWIFT_ACTIVE_COMPILATION_CONDITIONS = DEBUG;
				SWIFT_OPTIMIZATION_LEVEL = "-Onone";
			};
			name = Debug;
		};
		521DCD0F22E0C6F100F87170 /* Release */ = {
			isa = XCBuildConfiguration;
			buildSettings = {
				ALWAYS_SEARCH_USER_PATHS = NO;
				CLANG_ANALYZER_NONNULL = YES;
				CLANG_ANALYZER_NUMBER_OBJECT_CONVERSION = YES_AGGRESSIVE;
				CLANG_CXX_LANGUAGE_STANDARD = "gnu++14";
				CLANG_CXX_LIBRARY = "libc++";
				CLANG_ENABLE_MODULES = YES;
				CLANG_ENABLE_OBJC_ARC = YES;
				CLANG_ENABLE_OBJC_WEAK = YES;
				CLANG_WARN_BLOCK_CAPTURE_AUTORELEASING = YES;
				CLANG_WARN_BOOL_CONVERSION = YES;
				CLANG_WARN_COMMA = YES;
				CLANG_WARN_CONSTANT_CONVERSION = YES;
				CLANG_WARN_DEPRECATED_OBJC_IMPLEMENTATIONS = YES;
				CLANG_WARN_DIRECT_OBJC_ISA_USAGE = YES_ERROR;
				CLANG_WARN_DOCUMENTATION_COMMENTS = YES;
				CLANG_WARN_EMPTY_BODY = YES;
				CLANG_WARN_ENUM_CONVERSION = YES;
				CLANG_WARN_INFINITE_RECURSION = YES;
				CLANG_WARN_INT_CONVERSION = YES;
				CLANG_WARN_NON_LITERAL_NULL_CONVERSION = YES;
				CLANG_WARN_OBJC_IMPLICIT_RETAIN_SELF = YES;
				CLANG_WARN_OBJC_LITERAL_CONVERSION = YES;
				CLANG_WARN_OBJC_ROOT_CLASS = YES_ERROR;
				CLANG_WARN_RANGE_LOOP_ANALYSIS = YES;
				CLANG_WARN_STRICT_PROTOTYPES = YES;
				CLANG_WARN_SUSPICIOUS_MOVE = YES;
				CLANG_WARN_UNGUARDED_AVAILABILITY = YES_AGGRESSIVE;
				CLANG_WARN_UNREACHABLE_CODE = YES;
				CLANG_WARN__DUPLICATE_METHOD_MATCH = YES;
				CODE_SIGN_IDENTITY = "iPhone Developer";
				COPY_PHASE_STRIP = NO;
				DEBUG_INFORMATION_FORMAT = "dwarf-with-dsym";
				ENABLE_NS_ASSERTIONS = NO;
				ENABLE_STRICT_OBJC_MSGSEND = YES;
				GCC_C_LANGUAGE_STANDARD = gnu11;
				GCC_NO_COMMON_BLOCKS = YES;
				GCC_WARN_64_TO_32_BIT_CONVERSION = YES;
				GCC_WARN_ABOUT_RETURN_TYPE = YES_ERROR;
				GCC_WARN_UNDECLARED_SELECTOR = YES;
				GCC_WARN_UNINITIALIZED_AUTOS = YES_AGGRESSIVE;
				GCC_WARN_UNUSED_FUNCTION = YES;
				GCC_WARN_UNUSED_VARIABLE = YES;
				IPHONEOS_DEPLOYMENT_TARGET = 12.0;
				MTL_ENABLE_DEBUG_INFO = NO;
				MTL_FAST_MATH = YES;
				SDKROOT = iphoneos;
				SWIFT_COMPILATION_MODE = wholemodule;
				SWIFT_OPTIMIZATION_LEVEL = "-O";
				VALIDATE_PRODUCT = YES;
			};
			name = Release;
		};
		521DCD1122E0C6F100F87170 /* Debug */ = {
			isa = XCBuildConfiguration;
			baseConfigurationReference = 7E55653D4D8E7F7C85C57F73 /* Pods-Blimpy.debug.xcconfig */;
			buildSettings = {
				ASSETCATALOG_COMPILER_APPICON_NAME = AppIcon;
				CODE_SIGN_STYLE = Automatic;
				DEVELOPMENT_TEAM = TU3UR5MTVQ;
				INFOPLIST_FILE = Blimpy/Info.plist;
				IPHONEOS_DEPLOYMENT_TARGET = 12.0;
				LD_RUNPATH_SEARCH_PATHS = (
					"$(inherited)",
					"@executable_path/Frameworks",
				);
				PRODUCT_BUNDLE_IDENTIFIER = ch.256dpi.Blimpy;
				PRODUCT_NAME = "$(TARGET_NAME)";
				SWIFT_VERSION = 5.0;
				TARGETED_DEVICE_FAMILY = "1,2";
			};
			name = Debug;
		};
		521DCD1222E0C6F100F87170 /* Release */ = {
			isa = XCBuildConfiguration;
			baseConfigurationReference = 2F91B49FA581E1A5988A9F55 /* Pods-Blimpy.release.xcconfig */;
			buildSettings = {
				ASSETCATALOG_COMPILER_APPICON_NAME = AppIcon;
				CODE_SIGN_STYLE = Automatic;
				DEVELOPMENT_TEAM = TU3UR5MTVQ;
				INFOPLIST_FILE = Blimpy/Info.plist;
				IPHONEOS_DEPLOYMENT_TARGET = 12.0;
				LD_RUNPATH_SEARCH_PATHS = (
					"$(inherited)",
					"@executable_path/Frameworks",
				);
				PRODUCT_BUNDLE_IDENTIFIER = ch.256dpi.Blimpy;
				PRODUCT_NAME = "$(TARGET_NAME)";
				SWIFT_VERSION = 5.0;
				TARGETED_DEVICE_FAMILY = "1,2";
			};
			name = Release;
		};
/* End XCBuildConfiguration section */

/* Begin XCConfigurationList section */
		521DCCF922E0C6EF00F87170 /* Build configuration list for PBXProject "Blimpy" */ = {
			isa = XCConfigurationList;
			buildConfigurations = (
				521DCD0E22E0C6F100F87170 /* Debug */,
				521DCD0F22E0C6F100F87170 /* Release */,
			);
			defaultConfigurationIsVisible = 0;
			defaultConfigurationName = Release;
		};
		521DCD1022E0C6F100F87170 /* Build configuration list for PBXNativeTarget "Blimpy" */ = {
			isa = XCConfigurationList;
			buildConfigurations = (
				521DCD1122E0C6F100F87170 /* Debug */,
				521DCD1222E0C6F100F87170 /* Release */,
			);
			defaultConfigurationIsVisible = 0;
			defaultConfigurationName = Release;
		};
/* End XCConfigurationList section */
	};
	rootObject = 521DCCF622E0C6EF00F87170 /* Project object */;
}
