PODS:
  - CDJoystick (1.1.0)
  - CocoaAsyncSocket (7.6.5)
  - CocoaMQTT (2.0.2):
    - CocoaMQTT/Core (= 2.0.2)
  - CocoaMQTT/Core (2.0.2):
    - CocoaAsyncSocket (~> 7.6.5)

DEPENDENCIES:
  - CDJoystick
  - CocoaMQTT

SPEC REPOS:
  trunk:
    - CDJoystick
    - CocoaAsyncSocket
    - CocoaMQTT

SPEC CHECKSUMS:
  CDJoystick: 5563edf7dbc276cfec6f4606ee2a5b63ee54a15e
  CocoaAsyncSocket: 065fd1e645c7abab64f7a6a2007a48038fdc6a99
  CocoaMQTT: 2cab338fe04820d1e32aa20809e4d141a4118f0a

PODFILE CHECKSUM: 687ea5249ecb7f5cd451b0c3953efd52e8cf192d

COCOAPODS: 1.13.0
