PODS:
  - CDJoystick (1.1.0)
  - CocoaMQTT (2.1.6):
    - CocoaMQTT/Core (= 2.1.6)
  - CocoaMQTT/Core (2.1.6):
    - MqttCocoaAsyncSocket (~> 1.0.8)
  - MqttCocoaAsyncSocket (1.0.8)

DEPENDENCIES:
  - CDJoystick
  - CocoaMQTT

SPEC REPOS:
  trunk:
    - CDJoystick
    - CocoaMQTT
    - MqttCocoaAsyncSocket

SPEC CHECKSUMS:
  CDJoystick: 5563edf7dbc276cfec6f4606ee2a5b63ee54a15e
  CocoaMQTT: 1f206228b29318eabdacad0c2e4e88575922c27a
  MqttCocoaAsyncSocket: 77d3b74f76228dd5a05d1f9526eab101d415b30c

PODFILE CHECKSUM: 687ea5249ecb7f5cd451b0c3953efd52e8cf192d

COCOAPODS: 1.13.0
